
Microsoft Visual Studio Solution File, Format Version 12.00
# Visual Studio Version 17
VisualStudioVersion = 17.3.32811.315
MinimumVisualStudioVersion = 10.0.40219.1
Project("{FAE04EC0-301F-11D3-BF4B-00C04F79EFBC}") = "AsistenteCompras_API", "AsistenteCompras_API\AsistenteCompras_API.csproj", "{5A813EB7-4748-483D-BA7F-2B6F95DD40F7}"
EndProject
Project("{FAE04EC0-301F-11D3-BF4B-00C04F79EFBC}") = "AsistenteCompras_Entities", "AsistenteCompras_Entities\AsistenteCompras_Entities.csproj", "{3239601C-C818-489C-8482-5BE1EEBC80F8}"
EndProject
Project("{FAE04EC0-301F-11D3-BF4B-00C04F79EFBC}") = "AsistenteCompras_Services", "AsistenteCompras_Services\AsistenteCompras_Services.csproj", "{FD987781-5D8C-4C09-9A1D-20B23483044B}"
EndProject
Global
	GlobalSection(SolutionConfigurationPlatforms) = preSolution
		Debug|Any CPU = Debug|Any CPU
		Release|Any CPU = Release|Any CPU
	EndGlobalSection
	GlobalSection(ProjectConfigurationPlatforms) = postSolution
		{5A813EB7-4748-483D-BA7F-2B6F95DD40F7}.Debug|Any CPU.ActiveCfg = Debug|Any CPU
		{5A813EB7-4748-483D-BA7F-2B6F95DD40F7}.Debug|Any CPU.Build.0 = Debug|Any CPU
		{5A813EB7-4748-483D-BA7F-2B6F95DD40F7}.Release|Any CPU.ActiveCfg = Release|Any CPU
		{5A813EB7-4748-483D-BA7F-2B6F95DD40F7}.Release|Any CPU.Build.0 = Release|Any CPU
		{3239601C-C818-489C-8482-5BE1EEBC80F8}.Debug|Any CPU.ActiveCfg = Debug|Any CPU
		{3239601C-C818-489C-8482-5BE1EEBC80F8}.Debug|Any CPU.Build.0 = Debug|Any CPU
		{3239601C-C818-489C-8482-5BE1EEBC80F8}.Release|Any CPU.ActiveCfg = Release|Any CPU
		{3239601C-C818-489C-8482-5BE1EEBC80F8}.Release|Any CPU.Build.0 = Release|Any CPU
		{FD987781-5D8C-4C09-9A1D-20B23483044B}.Debug|Any CPU.ActiveCfg = Debug|Any CPU
		{FD987781-5D8C-4C09-9A1D-20B23483044B}.Debug|Any CPU.Build.0 = Debug|Any CPU
		{FD987781-5D8C-4C09-9A1D-20B23483044B}.Release|Any CPU.ActiveCfg = Release|Any CPU
		{FD987781-5D8C-4C09-9A1D-20B23483044B}.Release|Any CPU.Build.0 = Release|Any CPU
	EndGlobalSection
	GlobalSection(SolutionProperties) = preSolution
		HideSolutionNode = FALSE
	EndGlobalSection
	GlobalSection(ExtensibilityGlobals) = postSolution
		SolutionGuid = {BE8220BC-B029-44E5-AC2A-AC6283E68E9A}
	EndGlobalSection
EndGlobal
